
Microsoft Visual Studio Solution File, Format Version 12.00
# Visual Studio Version 17
VisualStudioVersion = 17.1.32421.90
MinimumVisualStudioVersion = 10.0.40219.1
Project("{FAE04EC0-301F-11D3-BF4B-00C04F79EFBC}") = "Lab6", "Lab6\Lab6.csproj", "{0C4360C4-3B50-4CDE-9C0C-09CDE7D77AEB}"
EndProject
Global
	GlobalSection(SolutionConfigurationPlatforms) = preSolution
		Debug|Any CPU = Debug|Any CPU
		Release|Any CPU = Release|Any CPU
	EndGlobalSection
	GlobalSection(ProjectConfigurationPlatforms) = postSolution
		{0C4360C4-3B50-4CDE-9C0C-09CDE7D77AEB}.Debug|Any CPU.ActiveCfg = Debug|Any CPU
		{0C4360C4-3B50-4CDE-9C0C-09CDE7D77AEB}.Debug|Any CPU.Build.0 = Debug|Any CPU
		{0C4360C4-3B50-4CDE-9C0C-09CDE7D77AEB}.Release|Any CPU.ActiveCfg = Release|Any CPU
		{0C4360C4-3B50-4CDE-9C0C-09CDE7D77AEB}.Release|Any CPU.Build.0 = Release|Any CPU
	EndGlobalSection
	GlobalSection(SolutionProperties) = preSolution
		HideSolutionNode = FALSE
	EndGlobalSection
	GlobalSection(ExtensibilityGlobals) = postSolution
		SolutionGuid = {CDCE6BC5-6EB7-450D-92F7-B91E24F63349}
	EndGlobalSection
EndGlobal
